
Microsoft Visual Studio Solution File, Format Version 12.00
# Visual Studio Version 16
VisualStudioVersion = 16.0.31515.178
MinimumVisualStudioVersion = 10.0.40219.1
Project("{9A19103F-16F7-4668-BE54-9A1E7A4F7556}") = "MITT_API", "MITT_API\MITT_API.csproj", "{EA7B295A-B3EA-49ED-8F76-3F89F804EC0A}"
EndProject
Project("{9A19103F-16F7-4668-BE54-9A1E7A4F7556}") = "MITT_Front", "MITT_Front\MITT_Front.csproj", "{DEE8CD51-09F5-408F-A092-1F2B43316D81}"
EndProject
Global
	GlobalSection(SolutionConfigurationPlatforms) = preSolution
		Debug|Any CPU = Debug|Any CPU
		Release|Any CPU = Release|Any CPU
	EndGlobalSection
	GlobalSection(ProjectConfigurationPlatforms) = postSolution
		{EA7B295A-B3EA-49ED-8F76-3F89F804EC0A}.Debug|Any CPU.ActiveCfg = Debug|Any CPU
		{EA7B295A-B3EA-49ED-8F76-3F89F804EC0A}.Debug|Any CPU.Build.0 = Debug|Any CPU
		{EA7B295A-B3EA-49ED-8F76-3F89F804EC0A}.Release|Any CPU.ActiveCfg = Release|Any CPU
		{EA7B295A-B3EA-49ED-8F76-3F89F804EC0A}.Release|Any CPU.Build.0 = Release|Any CPU
		{DEE8CD51-09F5-408F-A092-1F2B43316D81}.Debug|Any CPU.ActiveCfg = Debug|Any CPU
		{DEE8CD51-09F5-408F-A092-1F2B43316D81}.Debug|Any CPU.Build.0 = Debug|Any CPU
		{DEE8CD51-09F5-408F-A092-1F2B43316D81}.Release|Any CPU.ActiveCfg = Release|Any CPU
		{DEE8CD51-09F5-408F-A092-1F2B43316D81}.Release|Any CPU.Build.0 = Release|Any CPU
	EndGlobalSection
	GlobalSection(SolutionProperties) = preSolution
		HideSolutionNode = FALSE
	EndGlobalSection
	GlobalSection(ExtensibilityGlobals) = postSolution
		SolutionGuid = {D7342B8A-6F03-479A-8814-085C547648DE}
	EndGlobalSection
EndGlobal
